PODS:
  - file_picker_darwin (1.0.0):
    - Flutter
    - FlutterMacOS
  - FlutterMacOS (1.0.0)
  - "sodium_libs (3.4.6+4)":
    - Flutter
    - FlutterMacOS
  - url_launcher_macos (0.0.1):
    - FlutterMacOS

DEPENDENCIES:
  - file_picker_darwin (from `Flutter/ephemeral/.symlinks/plugins/file_picker_darwin/darwin`)
  - FlutterMacOS (from `Flutter/ephemeral`)
  - sodium_libs (from `Flutter/ephemeral/.symlinks/plugins/sodium_libs/darwin`)
  - url_launcher_macos (from `Flutter/ephemeral/.symlinks/plugins/url_launcher_macos/macos`)

EXTERNAL SOURCES:
  file_picker_darwin:
    :path: Flutter/ephemeral/.symlinks/plugins/file_picker_darwin/darwin
  FlutterMacOS:
    :path: Flutter/ephemeral
  sodium_libs:
    :path: Flutter/ephemeral/.symlinks/plugins/sodium_libs/darwin
  url_launcher_macos:
    :path: Flutter/ephemeral/.symlinks/plugins/url_launcher_macos/macos

SPEC CHECKSUMS:
  file_picker_darwin: 4c2b9a50ea44cb3b071381ea0cf48591bdd80251
  FlutterMacOS: d0db08ddef1a9af05a5ec4b724367152bb0500b1
  sodium_libs: 650f802d77b08c737ca4fed4ed68e822fa560c5a
  url_launcher_macos: f87a979182d112f911de6820aefddaf56ee9fbfd

PODFILE CHECKSUM: 54d867c82ac51cbd61b565781b9fada492027009

COCOAPODS: 1.17.0
